// !$*UTF8*$!
{
	archiveVersion = 1;
	classes = {
	};
	objectVersion = 46;
	objects = {

/* Begin PBXBuildFile section */
		91BF47E5635AF8B3513AF899 /* Pods_LibLife.framework in Frameworks */ = {isa = PBXBuildFile; fileRef = 79DFC5729E8AF31D5D7751CA /* Pods_LibLife.framework */; };
		C1464C951DE133CC00F1D25A /* AppDelegate.swift in Sources */ = {isa = PBXBuildFile; fileRef = C1464C941DE133CC00F1D25A /* AppDelegate.swift */; };
		C1464C971DE133CC00F1D25A /* ViewController.swift in Sources */ = {isa = PBXBuildFile; fileRef = C1464C961DE133CC00F1D25A /* ViewController.swift */; };
		C1464C9A1DE133CC00F1D25A /* Main.storyboard in Resources */ = {isa = PBXBuildFile; fileRef = C1464C981DE133CC00F1D25A /* Main.storyboard */; };
		C1464C9C1DE133CC00F1D25A /* Assets.xcassets in Resources */ = {isa = PBXBuildFile; fileRef = C1464C9B1DE133CC00F1D25A /* Assets.xcassets */; };
		C1464C9F1DE133CC00F1D25A /* LaunchScreen.storyboard in Resources */ = {isa = PBXBuildFile; fileRef = C1464C9D1DE133CC00F1D25A /* LaunchScreen.storyboard */; };
		C1464CAA1DE133CC00F1D25A /* LibLifeTests.swift in Sources */ = {isa = PBXBuildFile; fileRef = C1464CA91DE133CC00F1D25A /* LibLifeTests.swift */; };
		C1464CB51DE1370F00F1D25A /* Friend.swift in Sources */ = {isa = PBXBuildFile; fileRef = C1464CB41DE1370F00F1D25A /* Friend.swift */; };
		C1464CB71DE13DF700F1D25A /* MyFriendsViewController.swift in Sources */ = {isa = PBXBuildFile; fileRef = C1464CB61DE13DF700F1D25A /* MyFriendsViewController.swift */; };
		C1464CB91DE21DC500F1D25A /* FriendTableViewCell.swift in Sources */ = {isa = PBXBuildFile; fileRef = C1464CB81DE21DC500F1D25A /* FriendTableViewCell.swift */; };
		C1464CBD1DE229B300F1D25A /* AddFriendViewController.swift in Sources */ = {isa = PBXBuildFile; fileRef = C1464CBC1DE229B300F1D25A /* AddFriendViewController.swift */; };
		C1464CBF1DE2409400F1D25A /* MyGroupsViewController.swift in Sources */ = {isa = PBXBuildFile; fileRef = C1464CBE1DE2409400F1D25A /* MyGroupsViewController.swift */; };
		C1464CC11DE243C500F1D25A /* Group.swift in Sources */ = {isa = PBXBuildFile; fileRef = C1464CC01DE243C500F1D25A /* Group.swift */; };
		C1464CC31DE2445C00F1D25A /* GroupTableViewCell.swift in Sources */ = {isa = PBXBuildFile; fileRef = C1464CC21DE2445C00F1D25A /* GroupTableViewCell.swift */; };
		C1464CC51DE2513600F1D25A /* GroupsDetailViewController.swift in Sources */ = {isa = PBXBuildFile; fileRef = C1464CC41DE2513600F1D25A /* GroupsDetailViewController.swift */; };
		C1464CCB1DE25F6700F1D25A /* ChooseFriendsTableViewCell.swift in Sources */ = {isa = PBXBuildFile; fileRef = C1464CCA1DE25F6700F1D25A /* ChooseFriendsTableViewCell.swift */; };
		C1464CCF1DE264E800F1D25A /* AddGroupsViewController.swift in Sources */ = {isa = PBXBuildFile; fileRef = C1464CCE1DE264E800F1D25A /* AddGroupsViewController.swift */; };
		C1464CD11DE27E0200F1D25A /* DisplayFriendTableViewCell.swift in Sources */ = {isa = PBXBuildFile; fileRef = C1464CD01DE27E0200F1D25A /* DisplayFriendTableViewCell.swift */; };
		C1E072131DEA4D1D005CA1DA /* GoogleService-Info.plist in Resources */ = {isa = PBXBuildFile; fileRef = C1E072121DEA4D1D005CA1DA /* GoogleService-Info.plist */; };
		C1E072151DEA4DF6005CA1DA /* CheckInViewController.swift in Sources */ = {isa = PBXBuildFile; fileRef = C1E072141DEA4DF6005CA1DA /* CheckInViewController.swift */; };
		C1E072171DEA6810005CA1DA /* LoginViewController.swift in Sources */ = {isa = PBXBuildFile; fileRef = C1E072161DEA6810005CA1DA /* LoginViewController.swift */; };
		C1E072191DEA7B2A005CA1DA /* MainPageViewController.swift in Sources */ = {isa = PBXBuildFile; fileRef = C1E072181DEA7B2A005CA1DA /* MainPageViewController.swift */; };
		C1E0721B1DEA7B74005CA1DA /* CreateAccountViewController.swift in Sources */ = {isa = PBXBuildFile; fileRef = C1E0721A1DEA7B74005CA1DA /* CreateAccountViewController.swift */; };
/* End PBXBuildFile section */

/* Begin PBXContainerItemProxy section */
		C1464CA61DE133CC00F1D25A /* PBXContainerItemProxy */ = {
			isa = PBXContainerItemProxy;
			containerPortal = C1464C891DE133CB00F1D25A /* Project object */;
			proxyType = 1;
			remoteGlobalIDString = C1464C901DE133CB00F1D25A;
			remoteInfo = LibLife;
		};
/* End PBXContainerItemProxy section */

/* Begin PBXFileReference section */
		4204F0CF93D6B468AD6E81E1 /* Pods-LibLife.release.xcconfig */ = {isa = PBXFileReference; includeInIndex = 1; lastKnownFileType = text.xcconfig; name = "Pods-LibLife.release.xcconfig"; path = "Pods/Target Support Files/Pods-LibLife/Pods-LibLife.release.xcconfig"; sourceTree = "<group>"; };
		47B81D2E14901E63650BE298 /* Pods_LibLifeTests.framework */ = {isa = PBXFileReference; explicitFileType = wrapper.framework; includeInIndex = 0; path = Pods_LibLifeTests.framework; sourceTree = BUILT_PRODUCTS_DIR; };
		79DFC5729E8AF31D5D7751CA /* Pods_LibLife.framework */ = {isa = PBXFileReference; explicitFileType = wrapper.framework; includeInIndex = 0; path = Pods_LibLife.framework; sourceTree = BUILT_PRODUCTS_DIR; };
		C1464C911DE133CC00F1D25A /* LibLife.app */ = {isa = PBXFileReference; explicitFileType = wrapper.application; includeInIndex = 0; path = LibLife.app; sourceTree = BUILT_PRODUCTS_DIR; };
		C1464C941DE133CC00F1D25A /* AppDelegate.swift */ = {isa = PBXFileReference; lastKnownFileType = sourcecode.swift; path = AppDelegate.swift; sourceTree = "<group>"; };
		C1464C961DE133CC00F1D25A /* ViewController.swift */ = {isa = PBXFileReference; lastKnownFileType = sourcecode.swift; path = ViewController.swift; sourceTree = "<group>"; };
		C1464C991DE133CC00F1D25A /* Base */ = {isa = PBXFileReference; lastKnownFileType = file.storyboard; name = Base; path = Base.lproj/Main.storyboard; sourceTree = "<group>"; };
		C1464C9B1DE133CC00F1D25A /* Assets.xcassets */ = {isa = PBXFileReference; lastKnownFileType = folder.assetcatalog; path = Assets.xcassets; sourceTree = "<group>"; };
		C1464C9E1DE133CC00F1D25A /* Base */ = {isa = PBXFileReference; lastKnownFileType = file.storyboard; name = Base; path = Base.lproj/LaunchScreen.storyboard; sourceTree = "<group>"; };
		C1464CA01DE133CC00F1D25A /* Info.plist */ = {isa = PBXFileReference; lastKnownFileType = text.plist.xml; path = Info.plist; sourceTree = "<group>"; };
		C1464CA51DE133CC00F1D25A /* LibLifeTests.xctest */ = {isa = PBXFileReference; explicitFileType = wrapper.cfbundle; includeInIndex = 0; path = LibLifeTests.xctest; sourceTree = BUILT_PRODUCTS_DIR; };
		C1464CA91DE133CC00F1D25A /* LibLifeTests.swift */ = {isa = PBXFileReference; lastKnownFileType = sourcecode.swift; path = LibLifeTests.swift; sourceTree = "<group>"; };
		C1464CAB1DE133CC00F1D25A /* Info.plist */ = {isa = PBXFileReference; lastKnownFileType = text.plist.xml; path = Info.plist; sourceTree = "<group>"; };
		C1464CB41DE1370F00F1D25A /* Friend.swift */ = {isa = PBXFileReference; fileEncoding = 4; lastKnownFileType = sourcecode.swift; path = Friend.swift; sourceTree = "<group>"; };
		C1464CB61DE13DF700F1D25A /* MyFriendsViewController.swift */ = {isa = PBXFileReference; fileEncoding = 4; lastKnownFileType = sourcecode.swift; path = MyFriendsViewController.swift; sourceTree = "<group>"; };
		C1464CB81DE21DC500F1D25A /* FriendTableViewCell.swift */ = {isa = PBXFileReference; fileEncoding = 4; lastKnownFileType = sourcecode.swift; path = FriendTableViewCell.swift; sourceTree = "<group>"; };
		C1464CBC1DE229B300F1D25A /* AddFriendViewController.swift */ = {isa = PBXFileReference; fileEncoding = 4; lastKnownFileType = sourcecode.swift; name = AddFriendViewController.swift; path = ../AddFriendViewController.swift; sourceTree = "<group>"; };
		C1464CBE1DE2409400F1D25A /* MyGroupsViewController.swift */ = {isa = PBXFileReference; fileEncoding = 4; lastKnownFileType = sourcecode.swift; path = MyGroupsViewController.swift; sourceTree = "<group>"; };
		C1464CC01DE243C500F1D25A /* Group.swift */ = {isa = PBXFileReference; fileEncoding = 4; lastKnownFileType = sourcecode.swift; path = Group.swift; sourceTree = "<group>"; };
		C1464CC21DE2445C00F1D25A /* GroupTableViewCell.swift */ = {isa = PBXFileReference; fileEncoding = 4; lastKnownFileType = sourcecode.swift; path = GroupTableViewCell.swift; sourceTree = "<group>"; };
		C1464CC41DE2513600F1D25A /* GroupsDetailViewController.swift */ = {isa = PBXFileReference; fileEncoding = 4; lastKnownFileType = sourcecode.swift; path = GroupsDetailViewController.swift; sourceTree = "<group>"; };
		C1464CCA1DE25F6700F1D25A /* ChooseFriendsTableViewCell.swift */ = {isa = PBXFileReference; fileEncoding = 4; lastKnownFileType = sourcecode.swift; path = ChooseFriendsTableViewCell.swift; sourceTree = "<group>"; };
		C1464CCE1DE264E800F1D25A /* AddGroupsViewController.swift */ = {isa = PBXFileReference; fileEncoding = 4; lastKnownFileType = sourcecode.swift; path = AddGroupsViewController.swift; sourceTree = "<group>"; };
		C1464CD01DE27E0200F1D25A /* DisplayFriendTableViewCell.swift */ = {isa = PBXFileReference; fileEncoding = 4; lastKnownFileType = sourcecode.swift; path = DisplayFriendTableViewCell.swift; sourceTree = "<group>"; };
		C1E072121DEA4D1D005CA1DA /* GoogleService-Info.plist */ = {isa = PBXFileReference; fileEncoding = 4; lastKnownFileType = text.plist.xml; path = "GoogleService-Info.plist"; sourceTree = "<group>"; };
		C1E072141DEA4DF6005CA1DA /* CheckInViewController.swift */ = {isa = PBXFileReference; fileEncoding = 4; lastKnownFileType = sourcecode.swift; path = CheckInViewController.swift; sourceTree = "<group>"; };
		C1E072161DEA6810005CA1DA /* LoginViewController.swift */ = {isa = PBXFileReference; fileEncoding = 4; lastKnownFileType = sourcecode.swift; path = LoginViewController.swift; sourceTree = "<group>"; };
		C1E072181DEA7B2A005CA1DA /* MainPageViewController.swift */ = {isa = PBXFileReference; fileEncoding = 4; lastKnownFileType = sourcecode.swift; path = MainPageViewController.swift; sourceTree = "<group>"; };
		C1E0721A1DEA7B74005CA1DA /* CreateAccountViewController.swift */ = {isa = PBXFileReference; fileEncoding = 4; lastKnownFileType = sourcecode.swift; path = CreateAccountViewController.swift; sourceTree = "<group>"; };
		FBBB487F096EB749182E9F8D /* Pods-LibLife.debug.xcconfig */ = {isa = PBXFileReference; includeInIndex = 1; lastKnownFileType = text.xcconfig; name = "Pods-LibLife.debug.xcconfig"; path = "Pods/Target Support Files/Pods-LibLife/Pods-LibLife.debug.xcconfig"; sourceTree = "<group>"; };
/* End PBXFileReference section */

/* Begin PBXFrameworksBuildPhase section */
		C1464C8E1DE133CB00F1D25A /* Frameworks */ = {
			isa = PBXFrameworksBuildPhase;
			buildActionMask = 2147483647;
			files = (
				91BF47E5635AF8B3513AF899 /* Pods_LibLife.framework in Frameworks */,
			);
			runOnlyForDeploymentPostprocessing = 0;
		};
		C1464CA21DE133CC00F1D25A /* Frameworks */ = {
			isa = PBXFrameworksBuildPhase;
			buildActionMask = 2147483647;
			files = (
			);
			runOnlyForDeploymentPostprocessing = 0;
		};
/* End PBXFrameworksBuildPhase section */

/* Begin PBXGroup section */
		229359C43648C98A16BFEB69 /* Frameworks */ = {
			isa = PBXGroup;
			children = (
				79DFC5729E8AF31D5D7751CA /* Pods_LibLife.framework */,
				47B81D2E14901E63650BE298 /* Pods_LibLifeTests.framework */,
			);
			name = Frameworks;
			sourceTree = "<group>";
		};
		98ACC1BAF99968FDE01AA3F4 /* Pods */ = {
			isa = PBXGroup;
			children = (
				FBBB487F096EB749182E9F8D /* Pods-LibLife.debug.xcconfig */,
				4204F0CF93D6B468AD6E81E1 /* Pods-LibLife.release.xcconfig */,
			);
			name = Pods;
			sourceTree = "<group>";
		};
		C1464C881DE133CB00F1D25A = {
			isa = PBXGroup;
			children = (
				C1E072121DEA4D1D005CA1DA /* GoogleService-Info.plist */,
				C1464C931DE133CC00F1D25A /* LibLife */,
				C1464CA81DE133CC00F1D25A /* LibLifeTests */,
				C1464C921DE133CC00F1D25A /* Products */,
				98ACC1BAF99968FDE01AA3F4 /* Pods */,
				229359C43648C98A16BFEB69 /* Frameworks */,
			);
			sourceTree = "<group>";
		};
		C1464C921DE133CC00F1D25A /* Products */ = {
			isa = PBXGroup;
			children = (
				C1464C911DE133CC00F1D25A /* LibLife.app */,
				C1464CA51DE133CC00F1D25A /* LibLifeTests.xctest */,
			);
			name = Products;
			sourceTree = "<group>";
		};
		C1464C931DE133CC00F1D25A /* LibLife */ = {
			isa = PBXGroup;
			children = (
				C1464CBC1DE229B300F1D25A /* AddFriendViewController.swift */,
				C1464C941DE133CC00F1D25A /* AppDelegate.swift */,
				C1464CCE1DE264E800F1D25A /* AddGroupsViewController.swift */,
				C1464C961DE133CC00F1D25A /* ViewController.swift */,
				C1464C981DE133CC00F1D25A /* Main.storyboard */,
				C1E072181DEA7B2A005CA1DA /* MainPageViewController.swift */,
				C1E0721A1DEA7B74005CA1DA /* CreateAccountViewController.swift */,
				C1E072161DEA6810005CA1DA /* LoginViewController.swift */,
				C1E072141DEA4DF6005CA1DA /* CheckInViewController.swift */,
				C1464CCA1DE25F6700F1D25A /* ChooseFriendsTableViewCell.swift */,
				C1464CC41DE2513600F1D25A /* GroupsDetailViewController.swift */,
				C1464CBE1DE2409400F1D25A /* MyGroupsViewController.swift */,
				C1464CD01DE27E0200F1D25A /* DisplayFriendTableViewCell.swift */,
				C1464CC21DE2445C00F1D25A /* GroupTableViewCell.swift */,
				C1464CC01DE243C500F1D25A /* Group.swift */,
				C1464CB61DE13DF700F1D25A /* MyFriendsViewController.swift */,
				C1464CB81DE21DC500F1D25A /* FriendTableViewCell.swift */,
				C1464CB41DE1370F00F1D25A /* Friend.swift */,
				C1464C9B1DE133CC00F1D25A /* Assets.xcassets */,
				C1464C9D1DE133CC00F1D25A /* LaunchScreen.storyboard */,
				C1464CA01DE133CC00F1D25A /* Info.plist */,
			);
			path = LibLife;
			sourceTree = "<group>";
		};
		C1464CA81DE133CC00F1D25A /* LibLifeTests */ = {
			isa = PBXGroup;
			children = (
				C1464CA91DE133CC00F1D25A /* LibLifeTests.swift */,
				C1464CAB1DE133CC00F1D25A /* Info.plist */,
			);
			path = LibLifeTests;
			sourceTree = "<group>";
		};
/* End PBXGroup section */

/* Begin PBXNativeTarget section */
		C1464C901DE133CB00F1D25A /* LibLife */ = {
			isa = PBXNativeTarget;
			buildConfigurationList = C1464CAE1DE133CC00F1D25A /* Build configuration list for PBXNativeTarget "LibLife" */;
			buildPhases = (
				7E6359E1F46605FCF831A9FC /* [CP] Check Pods Manifest.lock */,
				C1464C8D1DE133CB00F1D25A /* Sources */,
				C1464C8E1DE133CB00F1D25A /* Frameworks */,
				C1464C8F1DE133CB00F1D25A /* Resources */,
				60AB8E8180EFDDB13960148A /* [CP] Embed Pods Frameworks */,
				E6E5EB06C14EB125E5BE52CE /* [CP] Copy Pods Resources */,
			);
			buildRules = (
			);
			dependencies = (
			);
			name = LibLife;
			productName = LibLife;
			productReference = C1464C911DE133CC00F1D25A /* LibLife.app */;
			productType = "com.apple.product-type.application";
		};
		C1464CA41DE133CC00F1D25A /* LibLifeTests */ = {
			isa = PBXNativeTarget;
			buildConfigurationList = C1464CB11DE133CC00F1D25A /* Build configuration list for PBXNativeTarget "LibLifeTests" */;
			buildPhases = (
				C1464CA11DE133CC00F1D25A /* Sources */,
				C1464CA21DE133CC00F1D25A /* Frameworks */,
				C1464CA31DE133CC00F1D25A /* Resources */,
			);
			buildRules = (
			);
			dependencies = (
				C1464CA71DE133CC00F1D25A /* PBXTargetDependency */,
			);
			name = LibLifeTests;
			productName = LibLifeTests;
			productReference = C1464CA51DE133CC00F1D25A /* LibLifeTests.xctest */;
			productType = "com.apple.product-type.bundle.unit-test";
		};
/* End PBXNativeTarget section */

/* Begin PBXProject section */
		C1464C891DE133CB00F1D25A /* Project object */ = {
			isa = PBXProject;
			attributes = {
				LastSwiftUpdateCheck = 0800;
				LastUpgradeCheck = 0800;
				ORGANIZATIONNAME = "Gloria Liu";
				TargetAttributes = {
					C1464C901DE133CB00F1D25A = {
						CreatedOnToolsVersion = 8.0;
						DevelopmentTeam = YR6B387J7Q;
						ProvisioningStyle = Automatic;
					};
					C1464CA41DE133CC00F1D25A = {
						CreatedOnToolsVersion = 8.0;
						ProvisioningStyle = Automatic;
						TestTargetID = C1464C901DE133CB00F1D25A;
					};
				};
			};
			buildConfigurationList = C1464C8C1DE133CB00F1D25A /* Build configuration list for PBXProject "LibLife" */;
			compatibilityVersion = "Xcode 3.2";
			developmentRegion = English;
			hasScannedForEncodings = 0;
			knownRegions = (
				en,
				Base,
			);
			mainGroup = C1464C881DE133CB00F1D25A;
			productRefGroup = C1464C921DE133CC00F1D25A /* Products */;
			projectDirPath = "";
			projectRoot = "";
			targets = (
				C1464C901DE133CB00F1D25A /* LibLife */,
				C1464CA41DE133CC00F1D25A /* LibLifeTests */,
			);
		};
/* End PBXProject section */

/* Begin PBXResourcesBuildPhase section */
		C1464C8F1DE133CB00F1D25A /* Resources */ = {
			isa = PBXResourcesBuildPhase;
			buildActionMask = 2147483647;
			files = (
				C1464C9F1DE133CC00F1D25A /* LaunchScreen.storyboard in Resources */,
				C1E072131DEA4D1D005CA1DA /* GoogleService-Info.plist in Resources */,
				C1464C9C1DE133CC00F1D25A /* Assets.xcassets in Resources */,
				C1464C9A1DE133CC00F1D25A /* Main.storyboard in Resources */,
			);
			runOnlyForDeploymentPostprocessing = 0;
		};
		C1464CA31DE133CC00F1D25A /* Resources */ = {
			isa = PBXResourcesBuildPhase;
			buildActionMask = 2147483647;
			files = (
			);
			runOnlyForDeploymentPostprocessing = 0;
		};
/* End PBXResourcesBuildPhase section */

/* Begin PBXShellScriptBuildPhase section */
		60AB8E8180EFDDB13960148A /* [CP] Embed Pods Frameworks */ = {
			isa = PBXShellScriptBuildPhase;
			buildActionMask = 2147483647;
			files = (
			);
			inputPaths = (
			);
			name = "[CP] Embed Pods Frameworks";
			outputPaths = (
			);
			runOnlyForDeploymentPostprocessing = 0;
			shellPath = /bin/sh;
			shellScript = "\"${SRCROOT}/Pods/Target Support Files/Pods-LibLife/Pods-LibLife-frameworks.sh\"\n";
			showEnvVarsInLog = 0;
		};
		7E6359E1F46605FCF831A9FC /* [CP] Check Pods Manifest.lock */ = {
			isa = PBXShellScriptBuildPhase;
			buildActionMask = 2147483647;
			files = (
			);
			inputPaths = (
			);
			name = "[CP] Check Pods Manifest.lock";
			outputPaths = (
			);
			runOnlyForDeploymentPostprocessing = 0;
			shellPath = /bin/sh;
			shellScript = "diff \"${PODS_ROOT}/../Podfile.lock\" \"${PODS_ROOT}/Manifest.lock\" > /dev/null\nif [ $? != 0 ] ; then\n    # print error to STDERR\n    echo \"error: The sandbox is not in sync with the Podfile.lock. Run 'pod install' or update your CocoaPods installation.\" >&2\n    exit 1\nfi\n";
			showEnvVarsInLog = 0;
		};
		E6E5EB06C14EB125E5BE52CE /* [CP] Copy Pods Resources */ = {
			isa = PBXShellScriptBuildPhase;
			buildActionMask = 2147483647;
			files = (
			);
			inputPaths = (
			);
			name = "[CP] Copy Pods Resources";
			outputPaths = (
			);
			runOnlyForDeploymentPostprocessing = 0;
			shellPath = /bin/sh;
			shellScript = "\"${SRCROOT}/Pods/Target Support Files/Pods-LibLife/Pods-LibLife-resources.sh\"\n";
			showEnvVarsInLog = 0;
		};
/* End PBXShellScriptBuildPhase section */

/* Begin PBXSourcesBuildPhase section */
		C1464C8D1DE133CB00F1D25A /* Sources */ = {
			isa = PBXSourcesBuildPhase;
			buildActionMask = 2147483647;
			files = (
				C1464CC31DE2445C00F1D25A /* GroupTableViewCell.swift in Sources */,
				C1464CD11DE27E0200F1D25A /* DisplayFriendTableViewCell.swift in Sources */,
				C1464CBD1DE229B300F1D25A /* AddFriendViewController.swift in Sources */,
				C1E072171DEA6810005CA1DA /* LoginViewController.swift in Sources */,
				C1464CBF1DE2409400F1D25A /* MyGroupsViewController.swift in Sources */,
				C1464CCB1DE25F6700F1D25A /* ChooseFriendsTableViewCell.swift in Sources */,
				C1464CCF1DE264E800F1D25A /* AddGroupsViewController.swift in Sources */,
				C1E0721B1DEA7B74005CA1DA /* CreateAccountViewController.swift in Sources */,
				C1E072151DEA4DF6005CA1DA /* CheckInViewController.swift in Sources */,
				C1E072191DEA7B2A005CA1DA /* MainPageViewController.swift in Sources */,
				C1464CB71DE13DF700F1D25A /* MyFriendsViewController.swift in Sources */,
				C1464CC11DE243C500F1D25A /* Group.swift in Sources */,
				C1464CB51DE1370F00F1D25A /* Friend.swift in Sources */,
				C1464CC51DE2513600F1D25A /* GroupsDetailViewController.swift in Sources */,
				C1464CB91DE21DC500F1D25A /* FriendTableViewCell.swift in Sources */,
				C1464C971DE133CC00F1D25A /* ViewController.swift in Sources */,
				C1464C951DE133CC00F1D25A /* AppDelegate.swift in Sources */,
			);
			runOnlyForDeploymentPostprocessing = 0;
		};
		C1464CA11DE133CC00F1D25A /* Sources */ = {
			isa = PBXSourcesBuildPhase;
			buildActionMask = 2147483647;
			files = (
				C1464CAA1DE133CC00F1D25A /* LibLifeTests.swift in Sources */,
			);
			runOnlyForDeploymentPostprocessing = 0;
		};
/* End PBXSourcesBuildPhase section */

/* Begin PBXTargetDependency section */
		C1464CA71DE133CC00F1D25A /* PBXTargetDependency */ = {
			isa = PBXTargetDependency;
			target = C1464C901DE133CB00F1D25A /* LibLife */;
			targetProxy = C1464CA61DE133CC00F1D25A /* PBXContainerItemProxy */;
		};
/* End PBXTargetDependency section */

/* Begin PBXVariantGroup section */
		C1464C981DE133CC00F1D25A /* Main.storyboard */ = {
			isa = PBXVariantGroup;
			children = (
				C1464C991DE133CC00F1D25A /* Base */,
			);
			name = Main.storyboard;
			sourceTree = "<group>";
		};
		C1464C9D1DE133CC00F1D25A /* LaunchScreen.storyboard */ = {
			isa = PBXVariantGroup;
			children = (
				C1464C9E1DE133CC00F1D25A /* Base */,
			);
			name = LaunchScreen.storyboard;
			sourceTree = "<group>";
		};
/* End PBXVariantGroup section */

/* Begin XCBuildConfiguration section */
		C1464CAC1DE133CC00F1D25A /* Debug */ = {
			isa = XCBuildConfiguration;
			buildSettings = {
				ALWAYS_SEARCH_USER_PATHS = NO;
				CLANG_ANALYZER_NONNULL = YES;
				CLANG_CXX_LANGUAGE_STANDARD = "gnu++0x";
				CLANG_CXX_LIBRARY = "libc++";
				CLANG_ENABLE_MODULES = YES;
				CLANG_ENABLE_OBJC_ARC = YES;
				CLANG_WARN_BOOL_CONVERSION = YES;
				CLANG_WARN_CONSTANT_CONVERSION = YES;
				CLANG_WARN_DIRECT_OBJC_ISA_USAGE = YES_ERROR;
				CLANG_WARN_DOCUMENTATION_COMMENTS = YES;
				CLANG_WARN_EMPTY_BODY = YES;
				CLANG_WARN_ENUM_CONVERSION = YES;
				CLANG_WARN_INFINITE_RECURSION = YES;
				CLANG_WARN_INT_CONVERSION = YES;
				CLANG_WARN_OBJC_ROOT_CLASS = YES_ERROR;
				CLANG_WARN_SUSPICIOUS_MOVES = YES;
				CLANG_WARN_UNREACHABLE_CODE = YES;
				CLANG_WARN__DUPLICATE_METHOD_MATCH = YES;
				"CODE_SIGN_IDENTITY[sdk=iphoneos*]" = "iPhone Developer";
				COPY_PHASE_STRIP = NO;
				DEBUG_INFORMATION_FORMAT = dwarf;
				ENABLE_STRICT_OBJC_MSGSEND = YES;
				ENABLE_TESTABILITY = YES;
				GCC_C_LANGUAGE_STANDARD = gnu99;
				GCC_DYNAMIC_NO_PIC = NO;
				GCC_NO_COMMON_BLOCKS = YES;
				GCC_OPTIMIZATION_LEVEL = 0;
				GCC_PREPROCESSOR_DEFINITIONS = (
					"DEBUG=1",
					"$(inherited)",
				);
				GCC_WARN_64_TO_32_BIT_CONVERSION = YES;
				GCC_WARN_ABOUT_RETURN_TYPE = YES_ERROR;
				GCC_WARN_UNDECLARED_SELECTOR = YES;
				GCC_WARN_UNINITIALIZED_AUTOS = YES_AGGRESSIVE;
				GCC_WARN_UNUSED_FUNCTION = YES;
				GCC_WARN_UNUSED_VARIABLE = YES;
				IPHONEOS_DEPLOYMENT_TARGET = 10.0;
				MTL_ENABLE_DEBUG_INFO = YES;
				ONLY_ACTIVE_ARCH = YES;
				SDKROOT = iphoneos;
				SWIFT_ACTIVE_COMPILATION_CONDITIONS = DEBUG;
				SWIFT_OPTIMIZATION_LEVEL = "-Onone";
			};
			name = Debug;
		};
		C1464CAD1DE133CC00F1D25A /* Release */ = {
			isa = XCBuildConfiguration;
			buildSettings = {
				ALWAYS_SEARCH_USER_PATHS = NO;
				CLANG_ANALYZER_NONNULL = YES;
				CLANG_CXX_LANGUAGE_STANDARD = "gnu++0x";
				CLANG_CXX_LIBRARY = "libc++";
				CLANG_ENABLE_MODULES = YES;
				CLANG_ENABLE_OBJC_ARC = YES;
				CLANG_WARN_BOOL_CONVERSION = YES;
				CLANG_WARN_CONSTANT_CONVERSION = YES;
				CLANG_WARN_DIRECT_OBJC_ISA_USAGE = YES_ERROR;
				CLANG_WARN_DOCUMENTATION_COMMENTS = YES;
				CLANG_WARN_EMPTY_BODY = YES;
				CLANG_WARN_ENUM_CONVERSION = YES;
				CLANG_WARN_INFINITE_RECURSION = YES;
				CLANG_WARN_INT_CONVERSION = YES;
				CLANG_WARN_OBJC_ROOT_CLASS = YES_ERROR;
				CLANG_WARN_SUSPICIOUS_MOVES = YES;
				CLANG_WARN_UNREACHABLE_CODE = YES;
				CLANG_WARN__DUPLICATE_METHOD_MATCH = YES;
				"CODE_SIGN_IDENTITY[sdk=iphoneos*]" = "iPhone Developer";
				COPY_PHASE_STRIP = NO;
				DEBUG_INFORMATION_FORMAT = "dwarf-with-dsym";
				ENABLE_NS_ASSERTIONS = NO;
				ENABLE_STRICT_OBJC_MSGSEND = YES;
				GCC_C_LANGUAGE_STANDARD = gnu99;
				GCC_NO_COMMON_BLOCKS = YES;
				GCC_WARN_64_TO_32_BIT_CONVERSION = YES;
				GCC_WARN_ABOUT_RETURN_TYPE = YES_ERROR;
				GCC_WARN_UNDECLARED_SELECTOR = YES;
				GCC_WARN_UNINITIALIZED_AUTOS = YES_AGGRESSIVE;
				GCC_WARN_UNUSED_FUNCTION = YES;
				GCC_WARN_UNUSED_VARIABLE = YES;
				IPHONEOS_DEPLOYMENT_TARGET = 10.0;
				MTL_ENABLE_DEBUG_INFO = NO;
				SDKROOT = iphoneos;
				SWIFT_OPTIMIZATION_LEVEL = "-Owholemodule";
				VALIDATE_PRODUCT = YES;
			};
			name = Release;
		};
		C1464CAF1DE133CC00F1D25A /* Debug */ = {
			isa = XCBuildConfiguration;
			baseConfigurationReference = FBBB487F096EB749182E9F8D /* Pods-LibLife.debug.xcconfig */;
			buildSettings = {
				ASSETCATALOG_COMPILER_APPICON_NAME = AppIcon;
				DEVELOPMENT_TEAM = YR6B387J7Q;
				INFOPLIST_FILE = LibLife/Info.plist;
				LD_RUNPATH_SEARCH_PATHS = "$(inherited) @executable_path/Frameworks";
				PRODUCT_BUNDLE_IDENTIFIER = com.glorialiu.LibLife;
				PRODUCT_NAME = "$(TARGET_NAME)";
				SWIFT_VERSION = 3.0;
			};
			name = Debug;
		};
		C1464CB01DE133CC00F1D25A /* Release */ = {
			isa = XCBuildConfiguration;
			baseConfigurationReference = 4204F0CF93D6B468AD6E81E1 /* Pods-LibLife.release.xcconfig */;
			buildSettings = {
				ASSETCATALOG_COMPILER_APPICON_NAME = AppIcon;
				DEVELOPMENT_TEAM = YR6B387J7Q;
				INFOPLIST_FILE = LibLife/Info.plist;
				LD_RUNPATH_SEARCH_PATHS = "$(inherited) @executable_path/Frameworks";
				PRODUCT_BUNDLE_IDENTIFIER = com.glorialiu.LibLife;
				PRODUCT_NAME = "$(TARGET_NAME)";
				SWIFT_VERSION = 3.0;
			};
			name = Release;
		};
		C1464CB21DE133CC00F1D25A /* Debug */ = {
			isa = XCBuildConfiguration;
			buildSettings = {
				ALWAYS_EMBED_SWIFT_STANDARD_LIBRARIES = YES;
				BUNDLE_LOADER = "$(TEST_HOST)";
				INFOPLIST_FILE = LibLifeTests/Info.plist;
				LD_RUNPATH_SEARCH_PATHS = "$(inherited) @executable_path/Frameworks @loader_path/Frameworks";
				PRODUCT_BUNDLE_IDENTIFIER = com.glorialiu.LibLifeTests;
				PRODUCT_NAME = "$(TARGET_NAME)";
				SWIFT_VERSION = 3.0;
				TEST_HOST = "$(BUILT_PRODUCTS_DIR)/LibLife.app/LibLife";
			};
			name = Debug;
		};
		C1464CB31DE133CC00F1D25A /* Release */ = {
			isa = XCBuildConfiguration;
			buildSettings = {
				ALWAYS_EMBED_SWIFT_STANDARD_LIBRARIES = YES;
				BUNDLE_LOADER = "$(TEST_HOST)";
				INFOPLIST_FILE = LibLifeTests/Info.plist;
				LD_RUNPATH_SEARCH_PATHS = "$(inherited) @executable_path/Frameworks @loader_path/Frameworks";
				PRODUCT_BUNDLE_IDENTIFIER = com.glorialiu.LibLifeTests;
				PRODUCT_NAME = "$(TARGET_NAME)";
				SWIFT_VERSION = 3.0;
				TEST_HOST = "$(BUILT_PRODUCTS_DIR)/LibLife.app/LibLife";
			};
			name = Release;
		};
/* End XCBuildConfiguration section */

/* Begin XCConfigurationList section */
		C1464C8C1DE133CB00F1D25A /* Build configuration list for PBXProject "LibLife" */ = {
			isa = XCConfigurationList;
			buildConfigurations = (
				C1464CAC1DE133CC00F1D25A /* Debug */,
				C1464CAD1DE133CC00F1D25A /* Release */,
			);
			defaultConfigurationIsVisible = 0;
			defaultConfigurationName = Release;
		};
		C1464CAE1DE133CC00F1D25A /* Build configuration list for PBXNativeTarget "LibLife" */ = {
			isa = XCConfigurationList;
			buildConfigurations = (
				C1464CAF1DE133CC00F1D25A /* Debug */,
				C1464CB01DE133CC00F1D25A /* Release */,
			);
			defaultConfigurationIsVisible = 0;
			defaultConfigurationName = Release;
		};
		C1464CB11DE133CC00F1D25A /* Build configuration list for PBXNativeTarget "LibLifeTests" */ = {
			isa = XCConfigurationList;
			buildConfigurations = (
				C1464CB21DE133CC00F1D25A /* Debug */,
				C1464CB31DE133CC00F1D25A /* Release */,
			);
			defaultConfigurationIsVisible = 0;
			defaultConfigurationName = Release;
		};
/* End XCConfigurationList section */
	};
	rootObject = C1464C891DE133CB00F1D25A /* Project object */;
}
